
Microsoft Visual Studio Solution File, Format Version 12.00
Project("{FAE04EC0-301F-11D3-BF4B-00C04F79EFBC}") = "ObservableList", "Pylon.ObservableList\Pylon.ObservableList.csproj", "{C1189306-E756-42FE-9B6C-BE24AA09F72E}"
EndProject
Project("{FAE04EC0-301F-11D3-BF4B-00C04F79EFBC}") = "ObservableList.UnitTests", "Pylon.ObservableList.UnitTests\Pylon.ObservableList.UnitTests.csproj", "{71C7FADA-BCC6-4066-8C2D-22BE5D290062}"
EndProject
Global
	GlobalSection(SolutionConfigurationPlatforms) = preSolution
		Debug|Any CPU = Debug|Any CPU
		Release|Any CPU = Release|Any CPU
	EndGlobalSection
	GlobalSection(ProjectConfigurationPlatforms) = postSolution
		{C1189306-E756-42FE-9B6C-BE24AA09F72E}.Debug|Any CPU.ActiveCfg = Debug|Any CPU
		{C1189306-E756-42FE-9B6C-BE24AA09F72E}.Debug|Any CPU.Build.0 = Debug|Any CPU
		{C1189306-E756-42FE-9B6C-BE24AA09F72E}.Release|Any CPU.ActiveCfg = Release|Any CPU
		{C1189306-E756-42FE-9B6C-BE24AA09F72E}.Release|Any CPU.Build.0 = Release|Any CPU
		{71C7FADA-BCC6-4066-8C2D-22BE5D290062}.Debug|Any CPU.ActiveCfg = Debug|Any CPU
		{71C7FADA-BCC6-4066-8C2D-22BE5D290062}.Debug|Any CPU.Build.0 = Debug|Any CPU
		{71C7FADA-BCC6-4066-8C2D-22BE5D290062}.Release|Any CPU.ActiveCfg = Release|Any CPU
		{71C7FADA-BCC6-4066-8C2D-22BE5D290062}.Release|Any CPU.Build.0 = Release|Any CPU
	EndGlobalSection
EndGlobal